
Microsoft Visual Studio Solution File, Format Version 12.00
# Visual Studio 15
VisualStudioVersion = 15.0.28307.421
MinimumVisualStudioVersion = 10.0.40219.1
Project("{159641D6-6404-4A2A-AE62-294DE0FE8301}") = "SSISvize", "SSISvize\SSISvize.dtproj", "{F06C58C0-7F01-4F58-AE87-3282706E1478}"
EndProject
Global
	GlobalSection(SolutionConfigurationPlatforms) = preSolution
		Development|Default = Development|Default
	EndGlobalSection
	GlobalSection(ProjectConfigurationPlatforms) = postSolution
		{F06C58C0-7F01-4F58-AE87-3282706E1478}.Development|Default.ActiveCfg = Development
		{F06C58C0-7F01-4F58-AE87-3282706E1478}.Development|Default.Build.0 = Development
	EndGlobalSection
	GlobalSection(SolutionProperties) = preSolution
		HideSolutionNode = FALSE
	EndGlobalSection
	GlobalSection(ExtensibilityGlobals) = postSolution
		SolutionGuid = {72B29272-36EE-495B-A8C7-C6235E256155}
	EndGlobalSection
EndGlobal
